// !$*UTF8*$!
{
	archiveVersion = 1;
	classes = {
	};
	objectVersion = 55;
	objects = {

/* Begin PBXBuildFile section */
		802EE6576944265E32450C22 /* Pods_AnimeUwU.framework in Frameworks */ = {isa = PBXBuildFile; fileRef = 91027ADDE547ECB195749EC9 /* Pods_AnimeUwU.framework */; };
		EA11FA1D28C4A93000CE6594 /* MyListViewController.swift in Sources */ = {isa = PBXBuildFile; fileRef = EA11FA1C28C4A93000CE6594 /* MyListViewController.swift */; };
		EA11FA2028C4AB1100CE6594 /* DownloadsViewController.swift in Sources */ = {isa = PBXBuildFile; fileRef = EA11FA1F28C4AB1100CE6594 /* DownloadsViewController.swift */; };
		EA11FA2328C4ABC900CE6594 /* ProfileViewController.swift in Sources */ = {isa = PBXBuildFile; fileRef = EA11FA2228C4ABC900CE6594 /* ProfileViewController.swift */; };
		EA11FA2728C4B58A00CE6594 /* AnimeTableViewCell.swift in Sources */ = {isa = PBXBuildFile; fileRef = EA11FA2528C4B58A00CE6594 /* AnimeTableViewCell.swift */; };
		EA11FA2828C4B58A00CE6594 /* AnimeTableViewCell.xib in Resources */ = {isa = PBXBuildFile; fileRef = EA11FA2628C4B58A00CE6594 /* AnimeTableViewCell.xib */; };
		EA11FA2D28C4C1AB00CE6594 /* AnimeViewModel.swift in Sources */ = {isa = PBXBuildFile; fileRef = EA11FA2C28C4C1AB00CE6594 /* AnimeViewModel.swift */; };
		EA11FA2F28C4C3D500CE6594 /* AnimeTopHitsViewModel.swift in Sources */ = {isa = PBXBuildFile; fileRef = EA11FA2E28C4C3D500CE6594 /* AnimeTopHitsViewModel.swift */; };
		EA2E1DE928C5365600F72C28 /* TopSearchViewModel.swift in Sources */ = {isa = PBXBuildFile; fileRef = EA2E1DE828C5365600F72C28 /* TopSearchViewModel.swift */; };
		EA2E1DED28C536B300F72C28 /* TopSearchTableViewCell.swift in Sources */ = {isa = PBXBuildFile; fileRef = EA2E1DEB28C536B300F72C28 /* TopSearchTableViewCell.swift */; };
		EA2E1DEE28C536B300F72C28 /* TopSearchTableViewCell.xib in Resources */ = {isa = PBXBuildFile; fileRef = EA2E1DEC28C536B300F72C28 /* TopSearchTableViewCell.xib */; };
		EA4DAB8328C26E0C002DB16F /* Onboarding.swift in Sources */ = {isa = PBXBuildFile; fileRef = EA4DAB8228C26E0C002DB16F /* Onboarding.swift */; };
		EA4DAB8828C26E64002DB16F /* OnboardingCollectionViewCell.swift in Sources */ = {isa = PBXBuildFile; fileRef = EA4DAB8628C26E64002DB16F /* OnboardingCollectionViewCell.swift */; };
		EA4DAB8E28C2B6D0002DB16F /* StartingViewController.swift in Sources */ = {isa = PBXBuildFile; fileRef = EA4DAB8D28C2B6D0002DB16F /* StartingViewController.swift */; };
		EA4DAB9128C2B786002DB16F /* UserDefault+Extension.swift in Sources */ = {isa = PBXBuildFile; fileRef = EA4DAB9028C2B786002DB16F /* UserDefault+Extension.swift */; };
		EA63D60928C3DACA002FF690 /* GoogleService-Info.plist in Resources */ = {isa = PBXBuildFile; fileRef = EA63D60828C3DACA002FF690 /* GoogleService-Info.plist */; };
		EA63D60C28C3E364002FF690 /* HomeViewController.swift in Sources */ = {isa = PBXBuildFile; fileRef = EA63D60B28C3E364002FF690 /* HomeViewController.swift */; };
		EA63D61028C40809002FF690 /* TopHitsAnimeCollectionViewCell.swift in Sources */ = {isa = PBXBuildFile; fileRef = EA63D60E28C40809002FF690 /* TopHitsAnimeCollectionViewCell.swift */; };
		EA63D61128C40809002FF690 /* TopHitsAnimeCollectionViewCell.xib in Resources */ = {isa = PBXBuildFile; fileRef = EA63D60F28C40809002FF690 /* TopHitsAnimeCollectionViewCell.xib */; };
		EA63D61328C40901002FF690 /* Anime.swift in Sources */ = {isa = PBXBuildFile; fileRef = EA63D61228C40901002FF690 /* Anime.swift */; };
		EA7292B328C418DD004E6F01 /* TopHitsAnimeViewController.swift in Sources */ = {isa = PBXBuildFile; fileRef = EA7292B228C418DD004E6F01 /* TopHitsAnimeViewController.swift */; };
		EA7292B528C41B2D004E6F01 /* NewEpisodeReleasesViewController.swift in Sources */ = {isa = PBXBuildFile; fileRef = EA7292B428C41B2D004E6F01 /* NewEpisodeReleasesViewController.swift */; };
		EAA1D8AF28C4E0300074627B /* NewEpisodeCollectionViewCell.swift in Sources */ = {isa = PBXBuildFile; fileRef = EAA1D8AD28C4E0300074627B /* NewEpisodeCollectionViewCell.swift */; };
		EAA1D8B028C4E0300074627B /* NewEpisodeCollectionViewCell.xib in Resources */ = {isa = PBXBuildFile; fileRef = EAA1D8AE28C4E0300074627B /* NewEpisodeCollectionViewCell.xib */; };
		EAA1D8B228C4E2700074627B /* NewEpisodeViewModel.swift in Sources */ = {isa = PBXBuildFile; fileRef = EAA1D8B128C4E2700074627B /* NewEpisodeViewModel.swift */; };
		EAA1D8B428C5132C0074627B /* SearchResultViewController.swift in Sources */ = {isa = PBXBuildFile; fileRef = EAA1D8B328C5132C0074627B /* SearchResultViewController.swift */; };
		EAA1D8B728C5153C0074627B /* SearchViewController.swift in Sources */ = {isa = PBXBuildFile; fileRef = EAA1D8B628C5153C0074627B /* SearchViewController.swift */; };
		EAB5EFF528C67954004EF825 /* AnimeDetailViewController.swift in Sources */ = {isa = PBXBuildFile; fileRef = EAB5EFF428C67954004EF825 /* AnimeDetailViewController.swift */; };
		EAB5EFFD28C68D4E004EF825 /* EpisodeVideoCollectionViewCell.swift in Sources */ = {isa = PBXBuildFile; fileRef = EAB5EFFB28C68D4E004EF825 /* EpisodeVideoCollectionViewCell.swift */; };
		EAB5EFFE28C68D4E004EF825 /* EpisodeVideoCollectionViewCell.xib in Resources */ = {isa = PBXBuildFile; fileRef = EAB5EFFC28C68D4E004EF825 /* EpisodeVideoCollectionViewCell.xib */; };
		EAB5F00028C690F5004EF825 /* EpisodeVideoViewMode.swift in Sources */ = {isa = PBXBuildFile; fileRef = EAB5EFFF28C690F5004EF825 /* EpisodeVideoViewMode.swift */; };
		EAB5F00228C692AD004EF825 /* AnimeEpisode.swift in Sources */ = {isa = PBXBuildFile; fileRef = EAB5F00128C692AD004EF825 /* AnimeEpisode.swift */; };
		EAB9063728C36BB900262CCF /* UiView+Extension.swift in Sources */ = {isa = PBXBuildFile; fileRef = EAB9063628C36BB900262CCF /* UiView+Extension.swift */; };
		EAB9063928C36C7800262CCF /* UiViewController+Extension.swift in Sources */ = {isa = PBXBuildFile; fileRef = EAB9063828C36C7800262CCF /* UiViewController+Extension.swift */; };
		EAB9063B28C37A2800262CCF /* RegisterViewController.swift in Sources */ = {isa = PBXBuildFile; fileRef = EAB9063A28C37A2800262CCF /* RegisterViewController.swift */; };
		EAB9063D28C37A3C00262CCF /* SigninViewController.swift in Sources */ = {isa = PBXBuildFile; fileRef = EAB9063C28C37A3C00262CCF /* SigninViewController.swift */; };
		EABF23C228B9BB9100495E78 /* AppDelegate.swift in Sources */ = {isa = PBXBuildFile; fileRef = EABF23C128B9BB9100495E78 /* AppDelegate.swift */; };
		EABF23C428B9BB9100495E78 /* SceneDelegate.swift in Sources */ = {isa = PBXBuildFile; fileRef = EABF23C328B9BB9100495E78 /* SceneDelegate.swift */; };
		EABF23C928B9BB9100495E78 /* Main.storyboard in Resources */ = {isa = PBXBuildFile; fileRef = EABF23C728B9BB9100495E78 /* Main.storyboard */; };
		EABF23CB28B9BB9300495E78 /* Assets.xcassets in Resources */ = {isa = PBXBuildFile; fileRef = EABF23CA28B9BB9300495E78 /* Assets.xcassets */; };
		EABF23CE28B9BB9300495E78 /* LaunchScreen.storyboard in Resources */ = {isa = PBXBuildFile; fileRef = EABF23CC28B9BB9300495E78 /* LaunchScreen.storyboard */; };
		EABF23D728B9BDB000495E78 /* OnboardingViewController.swift in Sources */ = {isa = PBXBuildFile; fileRef = EABF23D628B9BDB000495E78 /* OnboardingViewController.swift */; };
/* End PBXBuildFile section */

/* Begin PBXFileReference section */
		3697F0862CAB00D91DC82B85 /* Pods-AnimeUwU.debug.xcconfig */ = {isa = PBXFileReference; includeInIndex = 1; lastKnownFileType = text.xcconfig; name = "Pods-AnimeUwU.debug.xcconfig"; path = "Target Support Files/Pods-AnimeUwU/Pods-AnimeUwU.debug.xcconfig"; sourceTree = "<group>"; };
		423AF9C2517102EA928A6D78 /* Pods-AnimeUwU.release.xcconfig */ = {isa = PBXFileReference; includeInIndex = 1; lastKnownFileType = text.xcconfig; name = "Pods-AnimeUwU.release.xcconfig"; path = "Target Support Files/Pods-AnimeUwU/Pods-AnimeUwU.release.xcconfig"; sourceTree = "<group>"; };
		91027ADDE547ECB195749EC9 /* Pods_AnimeUwU.framework */ = {isa = PBXFileReference; explicitFileType = wrapper.framework; includeInIndex = 0; path = Pods_AnimeUwU.framework; sourceTree = BUILT_PRODUCTS_DIR; };
		EA11FA1C28C4A93000CE6594 /* MyListViewController.swift */ = {isa = PBXFileReference; lastKnownFileType = sourcecode.swift; path = MyListViewController.swift; sourceTree = "<group>"; };
		EA11FA1F28C4AB1100CE6594 /* DownloadsViewController.swift */ = {isa = PBXFileReference; lastKnownFileType = sourcecode.swift; path = DownloadsViewController.swift; sourceTree = "<group>"; };
		EA11FA2228C4ABC900CE6594 /* ProfileViewController.swift */ = {isa = PBXFileReference; lastKnownFileType = sourcecode.swift; path = ProfileViewController.swift; sourceTree = "<group>"; };
		EA11FA2528C4B58A00CE6594 /* AnimeTableViewCell.swift */ = {isa = PBXFileReference; lastKnownFileType = sourcecode.swift; path = AnimeTableViewCell.swift; sourceTree = "<group>"; };
		EA11FA2628C4B58A00CE6594 /* AnimeTableViewCell.xib */ = {isa = PBXFileReference; lastKnownFileType = file.xib; path = AnimeTableViewCell.xib; sourceTree = "<group>"; };
		EA11FA2C28C4C1AB00CE6594 /* AnimeViewModel.swift */ = {isa = PBXFileReference; lastKnownFileType = sourcecode.swift; path = AnimeViewModel.swift; sourceTree = "<group>"; };
		EA11FA2E28C4C3D500CE6594 /* AnimeTopHitsViewModel.swift */ = {isa = PBXFileReference; lastKnownFileType = sourcecode.swift; path = AnimeTopHitsViewModel.swift; sourceTree = "<group>"; };
		EA2E1DE828C5365600F72C28 /* TopSearchViewModel.swift */ = {isa = PBXFileReference; lastKnownFileType = sourcecode.swift; path = TopSearchViewModel.swift; sourceTree = "<group>"; };
		EA2E1DEB28C536B300F72C28 /* TopSearchTableViewCell.swift */ = {isa = PBXFileReference; lastKnownFileType = sourcecode.swift; path = TopSearchTableViewCell.swift; sourceTree = "<group>"; };
		EA2E1DEC28C536B300F72C28 /* TopSearchTableViewCell.xib */ = {isa = PBXFileReference; lastKnownFileType = file.xib; path = TopSearchTableViewCell.xib; sourceTree = "<group>"; };
		EA4DAB8228C26E0C002DB16F /* Onboarding.swift */ = {isa = PBXFileReference; lastKnownFileType = sourcecode.swift; path = Onboarding.swift; sourceTree = "<group>"; };
		EA4DAB8628C26E64002DB16F /* OnboardingCollectionViewCell.swift */ = {isa = PBXFileReference; lastKnownFileType = sourcecode.swift; path = OnboardingCollectionViewCell.swift; sourceTree = "<group>"; };
		EA4DAB8D28C2B6D0002DB16F /* StartingViewController.swift */ = {isa = PBXFileReference; lastKnownFileType = sourcecode.swift; path = StartingViewController.swift; sourceTree = "<group>"; };
		EA4DAB9028C2B786002DB16F /* UserDefault+Extension.swift */ = {isa = PBXFileReference; lastKnownFileType = sourcecode.swift; path = "UserDefault+Extension.swift"; sourceTree = "<group>"; };
		EA63D60828C3DACA002FF690 /* GoogleService-Info.plist */ = {isa = PBXFileReference; fileEncoding = 4; lastKnownFileType = text.plist.xml; path = "GoogleService-Info.plist"; sourceTree = "<group>"; };
		EA63D60B28C3E364002FF690 /* HomeViewController.swift */ = {isa = PBXFileReference; lastKnownFileType = sourcecode.swift; path = HomeViewController.swift; sourceTree = "<group>"; };
		EA63D60E28C40809002FF690 /* TopHitsAnimeCollectionViewCell.swift */ = {isa = PBXFileReference; lastKnownFileType = sourcecode.swift; path = TopHitsAnimeCollectionViewCell.swift; sourceTree = "<group>"; };
		EA63D60F28C40809002FF690 /* TopHitsAnimeCollectionViewCell.xib */ = {isa = PBXFileReference; lastKnownFileType = file.xib; path = TopHitsAnimeCollectionViewCell.xib; sourceTree = "<group>"; };
		EA63D61228C40901002FF690 /* Anime.swift */ = {isa = PBXFileReference; lastKnownFileType = sourcecode.swift; path = Anime.swift; sourceTree = "<group>"; };
		EA7292B228C418DD004E6F01 /* TopHitsAnimeViewController.swift */ = {isa = PBXFileReference; lastKnownFileType = sourcecode.swift; path = TopHitsAnimeViewController.swift; sourceTree = "<group>"; };
		EA7292B428C41B2D004E6F01 /* NewEpisodeReleasesViewController.swift */ = {isa = PBXFileReference; lastKnownFileType = sourcecode.swift; path = NewEpisodeReleasesViewController.swift; sourceTree = "<group>"; };
		EAA1D8AD28C4E0300074627B /* NewEpisodeCollectionViewCell.swift */ = {isa = PBXFileReference; lastKnownFileType = sourcecode.swift; path = NewEpisodeCollectionViewCell.swift; sourceTree = "<group>"; };
		EAA1D8AE28C4E0300074627B /* NewEpisodeCollectionViewCell.xib */ = {isa = PBXFileReference; lastKnownFileType = file.xib; path = NewEpisodeCollectionViewCell.xib; sourceTree = "<group>"; };
		EAA1D8B128C4E2700074627B /* NewEpisodeViewModel.swift */ = {isa = PBXFileReference; lastKnownFileType = sourcecode.swift; path = NewEpisodeViewModel.swift; sourceTree = "<group>"; };
		EAA1D8B328C5132C0074627B /* SearchResultViewController.swift */ = {isa = PBXFileReference; lastKnownFileType = sourcecode.swift; path = SearchResultViewController.swift; sourceTree = "<group>"; };
		EAA1D8B628C5153C0074627B /* SearchViewController.swift */ = {isa = PBXFileReference; lastKnownFileType = sourcecode.swift; path = SearchViewController.swift; sourceTree = "<group>"; };
		EAB5EFF428C67954004EF825 /* AnimeDetailViewController.swift */ = {isa = PBXFileReference; lastKnownFileType = sourcecode.swift; path = AnimeDetailViewController.swift; sourceTree = "<group>"; };
		EAB5EFFB28C68D4E004EF825 /* EpisodeVideoCollectionViewCell.swift */ = {isa = PBXFileReference; lastKnownFileType = sourcecode.swift; path = EpisodeVideoCollectionViewCell.swift; sourceTree = "<group>"; };
		EAB5EFFC28C68D4E004EF825 /* EpisodeVideoCollectionViewCell.xib */ = {isa = PBXFileReference; lastKnownFileType = file.xib; path = EpisodeVideoCollectionViewCell.xib; sourceTree = "<group>"; };
		EAB5EFFF28C690F5004EF825 /* EpisodeVideoViewMode.swift */ = {isa = PBXFileReference; lastKnownFileType = sourcecode.swift; path = EpisodeVideoViewMode.swift; sourceTree = "<group>"; };
		EAB5F00128C692AD004EF825 /* AnimeEpisode.swift */ = {isa = PBXFileReference; lastKnownFileType = sourcecode.swift; path = AnimeEpisode.swift; sourceTree = "<group>"; };
		EAB9063628C36BB900262CCF /* UiView+Extension.swift */ = {isa = PBXFileReference; lastKnownFileType = sourcecode.swift; path = "UiView+Extension.swift"; sourceTree = "<group>"; };
		EAB9063828C36C7800262CCF /* UiViewController+Extension.swift */ = {isa = PBXFileReference; lastKnownFileType = sourcecode.swift; path = "UiViewController+Extension.swift"; sourceTree = "<group>"; };
		EAB9063A28C37A2800262CCF /* RegisterViewController.swift */ = {isa = PBXFileReference; lastKnownFileType = sourcecode.swift; path = RegisterViewController.swift; sourceTree = "<group>"; };
		EAB9063C28C37A3C00262CCF /* SigninViewController.swift */ = {isa = PBXFileReference; lastKnownFileType = sourcecode.swift; path = SigninViewController.swift; sourceTree = "<group>"; };
		EABF23BE28B9BB9100495E78 /* AnimeUwU.app */ = {isa = PBXFileReference; explicitFileType = wrapper.application; includeInIndex = 0; path = AnimeUwU.app; sourceTree = BUILT_PRODUCTS_DIR; };
		EABF23C128B9BB9100495E78 /* AppDelegate.swift */ = {isa = PBXFileReference; lastKnownFileType = sourcecode.swift; path = AppDelegate.swift; sourceTree = "<group>"; };
		EABF23C328B9BB9100495E78 /* SceneDelegate.swift */ = {isa = PBXFileReference; lastKnownFileType = sourcecode.swift; path = SceneDelegate.swift; sourceTree = "<group>"; };
		EABF23C828B9BB9100495E78 /* Base */ = {isa = PBXFileReference; lastKnownFileType = file.storyboard; name = Base; path = Base.lproj/Main.storyboard; sourceTree = "<group>"; };
		EABF23CA28B9BB9300495E78 /* Assets.xcassets */ = {isa = PBXFileReference; lastKnownFileType = folder.assetcatalog; path = Assets.xcassets; sourceTree = "<group>"; };
		EABF23CD28B9BB9300495E78 /* Base */ = {isa = PBXFileReference; lastKnownFileType = file.storyboard; name = Base; path = Base.lproj/LaunchScreen.storyboard; sourceTree = "<group>"; };
		EABF23CF28B9BB9300495E78 /* Info.plist */ = {isa = PBXFileReference; lastKnownFileType = text.plist.xml; path = Info.plist; sourceTree = "<group>"; };
		EABF23D628B9BDB000495E78 /* OnboardingViewController.swift */ = {isa = PBXFileReference; lastKnownFileType = sourcecode.swift; path = OnboardingViewController.swift; sourceTree = "<group>"; };
		EAC82DA028C63CF200C6AF50 /* AnimeUwU.entitlements */ = {isa = PBXFileReference; lastKnownFileType = text.plist.entitlements; path = AnimeUwU.entitlements; sourceTree = "<group>"; };
/* End PBXFileReference section */

/* Begin PBXFrameworksBuildPhase section */
		EABF23BB28B9BB9100495E78 /* Frameworks */ = {
			isa = PBXFrameworksBuildPhase;
			buildActionMask = 2147483647;
			files = (
				802EE6576944265E32450C22 /* Pods_AnimeUwU.framework in Frameworks */,
			);
			runOnlyForDeploymentPostprocessing = 0;
		};
/* End PBXFrameworksBuildPhase section */

/* Begin PBXGroup section */
		038C8D83F20D56A081671352 /* Frameworks */ = {
			isa = PBXGroup;
			children = (
				91027ADDE547ECB195749EC9 /* Pods_AnimeUwU.framework */,
			);
			name = Frameworks;
			sourceTree = "<group>";
		};
		870A8ACDEE7846B4AEE0A6C0 /* Pods */ = {
			isa = PBXGroup;
			children = (
				3697F0862CAB00D91DC82B85 /* Pods-AnimeUwU.debug.xcconfig */,
				423AF9C2517102EA928A6D78 /* Pods-AnimeUwU.release.xcconfig */,
			);
			path = Pods;
			sourceTree = "<group>";
		};
		EA11FA1B28C4A90900CE6594 /* MyList */ = {
			isa = PBXGroup;
			children = (
				EA11FA1C28C4A93000CE6594 /* MyListViewController.swift */,
			);
			name = MyList;
			sourceTree = "<group>";
		};
		EA11FA1E28C4AAF600CE6594 /* Downloads */ = {
			isa = PBXGroup;
			children = (
				EA11FA1F28C4AB1100CE6594 /* DownloadsViewController.swift */,
			);
			name = Downloads;
			sourceTree = "<group>";
		};
		EA11FA2128C4ABB300CE6594 /* Profile */ = {
			isa = PBXGroup;
			children = (
				EA11FA2228C4ABC900CE6594 /* ProfileViewController.swift */,
			);
			name = Profile;
			sourceTree = "<group>";
		};
		EA11FA2428C4B55200CE6594 /* AnimeTableViewCell */ = {
			isa = PBXGroup;
			children = (
				EA11FA2528C4B58A00CE6594 /* AnimeTableViewCell.swift */,
				EA11FA2628C4B58A00CE6594 /* AnimeTableViewCell.xib */,
			);
			path = AnimeTableViewCell;
			sourceTree = "<group>";
		};
		EA11FA2B28C4C18B00CE6594 /* ViewModel */ = {
			isa = PBXGroup;
			children = (
				EA11FA2C28C4C1AB00CE6594 /* AnimeViewModel.swift */,
				EA11FA2E28C4C3D500CE6594 /* AnimeTopHitsViewModel.swift */,
				EAA1D8B128C4E2700074627B /* NewEpisodeViewModel.swift */,
				EA2E1DE828C5365600F72C28 /* TopSearchViewModel.swift */,
				EAB5EFFF28C690F5004EF825 /* EpisodeVideoViewMode.swift */,
			);
			path = ViewModel;
			sourceTree = "<group>";
		};
		EA2E1DEA28C5368900F72C28 /* TopSearchTableViewCell */ = {
			isa = PBXGroup;
			children = (
				EA2E1DEB28C536B300F72C28 /* TopSearchTableViewCell.swift */,
				EA2E1DEC28C536B300F72C28 /* TopSearchTableViewCell.xib */,
			);
			path = TopSearchTableViewCell;
			sourceTree = "<group>";
		};
		EA4DAB8428C26E11002DB16F /* Models */ = {
			isa = PBXGroup;
			children = (
				EA4DAB8228C26E0C002DB16F /* Onboarding.swift */,
				EA63D61228C40901002FF690 /* Anime.swift */,
				EAB5F00128C692AD004EF825 /* AnimeEpisode.swift */,
			);
			path = Models;
			sourceTree = "<group>";
		};
		EA4DAB8528C26E42002DB16F /* CustomViews */ = {
			isa = PBXGroup;
			children = (
				EA63D60D28C407E5002FF690 /* TopHitsAnimeCollectionViewCell */,
				EA11FA2428C4B55200CE6594 /* AnimeTableViewCell */,
				EAA1D8AC28C4E0000074627B /* NewEpisodeCollectionViewCell */,
				EA2E1DEA28C5368900F72C28 /* TopSearchTableViewCell */,
				EAB5EFF328C67936004EF825 /* AnimeDetailViewController */,
				EAB5EFF628C68CE4004EF825 /* EpisodeVideoCollectionViewCell */,
			);
			path = CustomViews;
			sourceTree = "<group>";
		};
		EA4DAB8B28C2B653002DB16F /* Onboarding */ = {
			isa = PBXGroup;
			children = (
				EABF23D628B9BDB000495E78 /* OnboardingViewController.swift */,
				EA4DAB8628C26E64002DB16F /* OnboardingCollectionViewCell.swift */,
			);
			name = Onboarding;
			sourceTree = "<group>";
		};
		EA4DAB8C28C2B6B5002DB16F /* Starting */ = {
			isa = PBXGroup;
			children = (
				EA4DAB8D28C2B6D0002DB16F /* StartingViewController.swift */,
				EAB9063A28C37A2800262CCF /* RegisterViewController.swift */,
				EAB9063C28C37A3C00262CCF /* SigninViewController.swift */,
			);
			name = Starting;
			sourceTree = "<group>";
		};
		EA4DAB8F28C2B75A002DB16F /* Extensions */ = {
			isa = PBXGroup;
			children = (
				EA4DAB9028C2B786002DB16F /* UserDefault+Extension.swift */,
				EAB9063628C36BB900262CCF /* UiView+Extension.swift */,
				EAB9063828C36C7800262CCF /* UiViewController+Extension.swift */,
			);
			path = Extensions;
			sourceTree = "<group>";
		};
		EA63D60A28C3E355002FF690 /* Home */ = {
			isa = PBXGroup;
			children = (
				EA63D60B28C3E364002FF690 /* HomeViewController.swift */,
				EA7292B228C418DD004E6F01 /* TopHitsAnimeViewController.swift */,
				EA7292B428C41B2D004E6F01 /* NewEpisodeReleasesViewController.swift */,
				EAA1D8B528C515270074627B /* Search */,
			);
			name = Home;
			sourceTree = "<group>";
		};
		EA63D60D28C407E5002FF690 /* TopHitsAnimeCollectionViewCell */ = {
			isa = PBXGroup;
			children = (
				EA63D60E28C40809002FF690 /* TopHitsAnimeCollectionViewCell.swift */,
				EA63D60F28C40809002FF690 /* TopHitsAnimeCollectionViewCell.xib */,
			);
			path = TopHitsAnimeCollectionViewCell;
			sourceTree = "<group>";
		};
		EAA1D8AC28C4E0000074627B /* NewEpisodeCollectionViewCell */ = {
			isa = PBXGroup;
			children = (
				EAA1D8AD28C4E0300074627B /* NewEpisodeCollectionViewCell.swift */,
				EAA1D8AE28C4E0300074627B /* NewEpisodeCollectionViewCell.xib */,
			);
			path = NewEpisodeCollectionViewCell;
			sourceTree = "<group>";
		};
		EAA1D8B528C515270074627B /* Search */ = {
			isa = PBXGroup;
			children = (
				EAA1D8B628C5153C0074627B /* SearchViewController.swift */,
				EAA1D8B328C5132C0074627B /* SearchResultViewController.swift */,
			);
			name = Search;
			sourceTree = "<group>";
		};
		EAB5EFF328C67936004EF825 /* AnimeDetailViewController */ = {
			isa = PBXGroup;
			children = (
				EAB5EFF428C67954004EF825 /* AnimeDetailViewController.swift */,
			);
			path = AnimeDetailViewController;
			sourceTree = "<group>";
		};
		EAB5EFF628C68CE4004EF825 /* EpisodeVideoCollectionViewCell */ = {
			isa = PBXGroup;
			children = (
				EAB5EFFB28C68D4E004EF825 /* EpisodeVideoCollectionViewCell.swift */,
				EAB5EFFC28C68D4E004EF825 /* EpisodeVideoCollectionViewCell.xib */,
			);
			path = EpisodeVideoCollectionViewCell;
			sourceTree = "<group>";
		};
		EABF23B528B9BB9100495E78 = {
			isa = PBXGroup;
			children = (
				EABF23C028B9BB9100495E78 /* AnimeUwU */,
				EABF23BF28B9BB9100495E78 /* Products */,
				870A8ACDEE7846B4AEE0A6C0 /* Pods */,
				038C8D83F20D56A081671352 /* Frameworks */,
			);
			sourceTree = "<group>";
		};
		EABF23BF28B9BB9100495E78 /* Products */ = {
			isa = PBXGroup;
			children = (
				EABF23BE28B9BB9100495E78 /* AnimeUwU.app */,
			);
			name = Products;
			sourceTree = "<group>";
		};
		EABF23C028B9BB9100495E78 /* AnimeUwU */ = {
			isa = PBXGroup;
			children = (
				EAC82DA028C63CF200C6AF50 /* AnimeUwU.entitlements */,
				EABF23C128B9BB9100495E78 /* AppDelegate.swift */,
				EABF23C328B9BB9100495E78 /* SceneDelegate.swift */,
				EA4DAB8F28C2B75A002DB16F /* Extensions */,
				EA4DAB8528C26E42002DB16F /* CustomViews */,
				EA4DAB8428C26E11002DB16F /* Models */,
				EA11FA2B28C4C18B00CE6594 /* ViewModel */,
				EABF23D528B9BD9B00495E78 /* Views */,
				EABF23C728B9BB9100495E78 /* Main.storyboard */,
				EABF23CA28B9BB9300495E78 /* Assets.xcassets */,
				EABF23CC28B9BB9300495E78 /* LaunchScreen.storyboard */,
				EABF23CF28B9BB9300495E78 /* Info.plist */,
				EA63D60828C3DACA002FF690 /* GoogleService-Info.plist */,
			);
			path = AnimeUwU;
			sourceTree = "<group>";
		};
		EABF23D528B9BD9B00495E78 /* Views */ = {
			isa = PBXGroup;
			children = (
				EA4DAB8B28C2B653002DB16F /* Onboarding */,
				EA4DAB8C28C2B6B5002DB16F /* Starting */,
				EA63D60A28C3E355002FF690 /* Home */,
				EA11FA1B28C4A90900CE6594 /* MyList */,
				EA11FA1E28C4AAF600CE6594 /* Downloads */,
				EA11FA2128C4ABB300CE6594 /* Profile */,
			);
			path = Views;
			sourceTree = "<group>";
		};
/* End PBXGroup section */

/* Begin PBXNativeTarget section */
		EABF23BD28B9BB9100495E78 /* AnimeUwU */ = {
			isa = PBXNativeTarget;
			buildConfigurationList = EABF23D228B9BB9300495E78 /* Build configuration list for PBXNativeTarget "AnimeUwU" */;
			buildPhases = (
				790799936B20CFC03991EEEF /* [CP] Check Pods Manifest.lock */,
				EABF23BA28B9BB9100495E78 /* Sources */,
				EABF23BB28B9BB9100495E78 /* Frameworks */,
				EABF23BC28B9BB9100495E78 /* Resources */,
				95A33B9D57228388C793D67F /* [CP] Embed Pods Frameworks */,
			);
			buildRules = (
			);
			dependencies = (
			);
			name = AnimeUwU;
			productName = AnimeUwU;
			productReference = EABF23BE28B9BB9100495E78 /* AnimeUwU.app */;
			productType = "com.apple.product-type.application";
		};
/* End PBXNativeTarget section */

/* Begin PBXProject section */
		EABF23B628B9BB9100495E78 /* Project object */ = {
			isa = PBXProject;
			attributes = {
				BuildIndependentTargetsInParallel = 1;
				LastSwiftUpdateCheck = 1340;
				LastUpgradeCheck = 1340;
				TargetAttributes = {
					EABF23BD28B9BB9100495E78 = {
						CreatedOnToolsVersion = 13.4.1;
					};
				};
			};
			buildConfigurationList = EABF23B928B9BB9100495E78 /* Build configuration list for PBXProject "AnimeUwU" */;
			compatibilityVersion = "Xcode 13.0";
			developmentRegion = en;
			hasScannedForEncodings = 0;
			knownRegions = (
				en,
				Base,
			);
			mainGroup = EABF23B528B9BB9100495E78;
			productRefGroup = EABF23BF28B9BB9100495E78 /* Products */;
			projectDirPath = "";
			projectRoot = "";
			targets = (
				EABF23BD28B9BB9100495E78 /* AnimeUwU */,
			);
		};
/* End PBXProject section */

/* Begin PBXResourcesBuildPhase section */
		EABF23BC28B9BB9100495E78 /* Resources */ = {
			isa = PBXResourcesBuildPhase;
			buildActionMask = 2147483647;
			files = (
				EA11FA2828C4B58A00CE6594 /* AnimeTableViewCell.xib in Resources */,
				EABF23CE28B9BB9300495E78 /* LaunchScreen.storyboard in Resources */,
				EA63D60928C3DACA002FF690 /* GoogleService-Info.plist in Resources */,
				EAB5EFFE28C68D4E004EF825 /* EpisodeVideoCollectionViewCell.xib in Resources */,
				EABF23CB28B9BB9300495E78 /* Assets.xcassets in Resources */,
				EA63D61128C40809002FF690 /* TopHitsAnimeCollectionViewCell.xib in Resources */,
				EABF23C928B9BB9100495E78 /* Main.storyboard in Resources */,
				EAA1D8B028C4E0300074627B /* NewEpisodeCollectionViewCell.xib in Resources */,
				EA2E1DEE28C536B300F72C28 /* TopSearchTableViewCell.xib in Resources */,
			);
			runOnlyForDeploymentPostprocessing = 0;
		};
/* End PBXResourcesBuildPhase section */

/* Begin PBXShellScriptBuildPhase section */
		790799936B20CFC03991EEEF /* [CP] Check Pods Manifest.lock */ = {
			isa = PBXShellScriptBuildPhase;
			buildActionMask = 2147483647;
			files = (
			);
			inputFileListPaths = (
			);
			inputPaths = (
				"${PODS_PODFILE_DIR_PATH}/Podfile.lock",
				"${PODS_ROOT}/Manifest.lock",
			);
			name = "[CP] Check Pods Manifest.lock";
			outputFileListPaths = (
			);
			outputPaths = (
				"$(DERIVED_FILE_DIR)/Pods-AnimeUwU-checkManifestLockResult.txt",
			);
			runOnlyForDeploymentPostprocessing = 0;
			shellPath = /bin/sh;
			shellScript = "diff \"${PODS_PODFILE_DIR_PATH}/Podfile.lock\" \"${PODS_ROOT}/Manifest.lock\" > /dev/null\nif [ $? != 0 ] ; then\n    # print error to STDERR\n    echo \"error: The sandbox is not in sync with the Podfile.lock. Run 'pod install' or update your CocoaPods installation.\" >&2\n    exit 1\nfi\n# This output is used by Xcode 'outputs' to avoid re-running this script phase.\necho \"SUCCESS\" > \"${SCRIPT_OUTPUT_FILE_0}\"\n";
			showEnvVarsInLog = 0;
		};
		95A33B9D57228388C793D67F /* [CP] Embed Pods Frameworks */ = {
			isa = PBXShellScriptBuildPhase;
			buildActionMask = 2147483647;
			files = (
			);
			inputFileListPaths = (
				"${PODS_ROOT}/Target Support Files/Pods-AnimeUwU/Pods-AnimeUwU-frameworks-${CONFIGURATION}-input-files.xcfilelist",
			);
			name = "[CP] Embed Pods Frameworks";
			outputFileListPaths = (
				"${PODS_ROOT}/Target Support Files/Pods-AnimeUwU/Pods-AnimeUwU-frameworks-${CONFIGURATION}-output-files.xcfilelist",
			);
			runOnlyForDeploymentPostprocessing = 0;
			shellPath = /bin/sh;
			shellScript = "\"${PODS_ROOT}/Target Support Files/Pods-AnimeUwU/Pods-AnimeUwU-frameworks.sh\"\n";
			showEnvVarsInLog = 0;
		};
/* End PBXShellScriptBuildPhase section */

/* Begin PBXSourcesBuildPhase section */
		EABF23BA28B9BB9100495E78 /* Sources */ = {
			isa = PBXSourcesBuildPhase;
			buildActionMask = 2147483647;
			files = (
				EAB5F00228C692AD004EF825 /* AnimeEpisode.swift in Sources */,
				EA63D61028C40809002FF690 /* TopHitsAnimeCollectionViewCell.swift in Sources */,
				EABF23C228B9BB9100495E78 /* AppDelegate.swift in Sources */,
				EA11FA1D28C4A93000CE6594 /* MyListViewController.swift in Sources */,
				EAA1D8AF28C4E0300074627B /* NewEpisodeCollectionViewCell.swift in Sources */,
				EAB9063B28C37A2800262CCF /* RegisterViewController.swift in Sources */,
				EAB9063D28C37A3C00262CCF /* SigninViewController.swift in Sources */,
				EABF23D728B9BDB000495E78 /* OnboardingViewController.swift in Sources */,
				EA2E1DED28C536B300F72C28 /* TopSearchTableViewCell.swift in Sources */,
				EAA1D8B428C5132C0074627B /* SearchResultViewController.swift in Sources */,
				EAA1D8B728C5153C0074627B /* SearchViewController.swift in Sources */,
				EAB9063728C36BB900262CCF /* UiView+Extension.swift in Sources */,
				EA4DAB8828C26E64002DB16F /* OnboardingCollectionViewCell.swift in Sources */,
				EA7292B528C41B2D004E6F01 /* NewEpisodeReleasesViewController.swift in Sources */,
				EA11FA2328C4ABC900CE6594 /* ProfileViewController.swift in Sources */,
				EAA1D8B228C4E2700074627B /* NewEpisodeViewModel.swift in Sources */,
				EA4DAB8328C26E0C002DB16F /* Onboarding.swift in Sources */,
				EAB5EFF528C67954004EF825 /* AnimeDetailViewController.swift in Sources */,
				EA4DAB9128C2B786002DB16F /* UserDefault+Extension.swift in Sources */,
				EABF23C428B9BB9100495E78 /* SceneDelegate.swift in Sources */,
				EA2E1DE928C5365600F72C28 /* TopSearchViewModel.swift in Sources */,
				EA63D61328C40901002FF690 /* Anime.swift in Sources */,
				EA4DAB8E28C2B6D0002DB16F /* StartingViewController.swift in Sources */,
				EA11FA2028C4AB1100CE6594 /* DownloadsViewController.swift in Sources */,
				EA11FA2728C4B58A00CE6594 /* AnimeTableViewCell.swift in Sources */,
				EAB5EFFD28C68D4E004EF825 /* EpisodeVideoCollectionViewCell.swift in Sources */,
				EA11FA2F28C4C3D500CE6594 /* AnimeTopHitsViewModel.swift in Sources */,
				EAB9063928C36C7800262CCF /* UiViewController+Extension.swift in Sources */,
				EA7292B328C418DD004E6F01 /* TopHitsAnimeViewController.swift in Sources */,
				EA63D60C28C3E364002FF690 /* HomeViewController.swift in Sources */,
				EA11FA2D28C4C1AB00CE6594 /* AnimeViewModel.swift in Sources */,
				EAB5F00028C690F5004EF825 /* EpisodeVideoViewMode.swift in Sources */,
			);
			runOnlyForDeploymentPostprocessing = 0;
		};
/* End PBXSourcesBuildPhase section */

/* Begin PBXVariantGroup section */
		EABF23C728B9BB9100495E78 /* Main.storyboard */ = {
			isa = PBXVariantGroup;
			children = (
				EABF23C828B9BB9100495E78 /* Base */,
			);
			name = Main.storyboard;
			sourceTree = "<group>";
		};
		EABF23CC28B9BB9300495E78 /* LaunchScreen.storyboard */ = {
			isa = PBXVariantGroup;
			children = (
				EABF23CD28B9BB9300495E78 /* Base */,
			);
			name = LaunchScreen.storyboard;
			sourceTree = "<group>";
		};
/* End PBXVariantGroup section */

/* Begin XCBuildConfiguration section */
		EABF23D028B9BB9300495E78 /* Debug */ = {
			isa = XCBuildConfiguration;
			buildSettings = {
				ALWAYS_SEARCH_USER_PATHS = NO;
				CLANG_ANALYZER_NONNULL = YES;
				CLANG_ANALYZER_NUMBER_OBJECT_CONVERSION = YES_AGGRESSIVE;
				CLANG_CXX_LANGUAGE_STANDARD = "gnu++17";
				CLANG_ENABLE_MODULES = YES;
				CLANG_ENABLE_OBJC_ARC = YES;
				CLANG_ENABLE_OBJC_WEAK = YES;
				CLANG_WARN_BLOCK_CAPTURE_AUTORELEASING = YES;
				CLANG_WARN_BOOL_CONVERSION = YES;
				CLANG_WARN_COMMA = YES;
				CLANG_WARN_CONSTANT_CONVERSION = YES;
				CLANG_WARN_DEPRECATED_OBJC_IMPLEMENTATIONS = YES;
				CLANG_WARN_DIRECT_OBJC_ISA_USAGE = YES_ERROR;
				CLANG_WARN_DOCUMENTATION_COMMENTS = YES;
				CLANG_WARN_EMPTY_BODY = YES;
				CLANG_WARN_ENUM_CONVERSION = YES;
				CLANG_WARN_INFINITE_RECURSION = YES;
				CLANG_WARN_INT_CONVERSION = YES;
				CLANG_WARN_NON_LITERAL_NULL_CONVERSION = YES;
				CLANG_WARN_OBJC_IMPLICIT_RETAIN_SELF = YES;
				CLANG_WARN_OBJC_LITERAL_CONVERSION = YES;
				CLANG_WARN_OBJC_ROOT_CLASS = YES_ERROR;
				CLANG_WARN_QUOTED_INCLUDE_IN_FRAMEWORK_HEADER = YES;
				CLANG_WARN_RANGE_LOOP_ANALYSIS = YES;
				CLANG_WARN_STRICT_PROTOTYPES = YES;
				CLANG_WARN_SUSPICIOUS_MOVE = YES;
				CLANG_WARN_UNGUARDED_AVAILABILITY = YES_AGGRESSIVE;
				CLANG_WARN_UNREACHABLE_CODE = YES;
				CLANG_WARN__DUPLICATE_METHOD_MATCH = YES;
				COPY_PHASE_STRIP = NO;
				DEBUG_INFORMATION_FORMAT = dwarf;
				ENABLE_STRICT_OBJC_MSGSEND = YES;
				ENABLE_TESTABILITY = YES;
				GCC_C_LANGUAGE_STANDARD = gnu11;
				GCC_DYNAMIC_NO_PIC = NO;
				GCC_NO_COMMON_BLOCKS = YES;
				GCC_OPTIMIZATION_LEVEL = 0;
				GCC_PREPROCESSOR_DEFINITIONS = (
					"DEBUG=1",
					"$(inherited)",
				);
				GCC_WARN_64_TO_32_BIT_CONVERSION = YES;
				GCC_WARN_ABOUT_RETURN_TYPE = YES_ERROR;
				GCC_WARN_UNDECLARED_SELECTOR = YES;
				GCC_WARN_UNINITIALIZED_AUTOS = YES_AGGRESSIVE;
				GCC_WARN_UNUSED_FUNCTION = YES;
				GCC_WARN_UNUSED_VARIABLE = YES;
				IPHONEOS_DEPLOYMENT_TARGET = 15.5;
				MTL_ENABLE_DEBUG_INFO = INCLUDE_SOURCE;
				MTL_FAST_MATH = YES;
				ONLY_ACTIVE_ARCH = YES;
				SDKROOT = iphoneos;
				SWIFT_ACTIVE_COMPILATION_CONDITIONS = DEBUG;
				SWIFT_OPTIMIZATION_LEVEL = "-Onone";
			};
			name = Debug;
		};
		EABF23D128B9BB9300495E78 /* Release */ = {
			isa = XCBuildConfiguration;
			buildSettings = {
				ALWAYS_SEARCH_USER_PATHS = NO;
				CLANG_ANALYZER_NONNULL = YES;
				CLANG_ANALYZER_NUMBER_OBJECT_CONVERSION = YES_AGGRESSIVE;
				CLANG_CXX_LANGUAGE_STANDARD = "gnu++17";
				CLANG_ENABLE_MODULES = YES;
				CLANG_ENABLE_OBJC_ARC = YES;
				CLANG_ENABLE_OBJC_WEAK = YES;
				CLANG_WARN_BLOCK_CAPTURE_AUTORELEASING = YES;
				CLANG_WARN_BOOL_CONVERSION = YES;
				CLANG_WARN_COMMA = YES;
				CLANG_WARN_CONSTANT_CONVERSION = YES;
				CLANG_WARN_DEPRECATED_OBJC_IMPLEMENTATIONS = YES;
				CLANG_WARN_DIRECT_OBJC_ISA_USAGE = YES_ERROR;
				CLANG_WARN_DOCUMENTATION_COMMENTS = YES;
				CLANG_WARN_EMPTY_BODY = YES;
				CLANG_WARN_ENUM_CONVERSION = YES;
				CLANG_WARN_INFINITE_RECURSION = YES;
				CLANG_WARN_INT_CONVERSION = YES;
				CLANG_WARN_NON_LITERAL_NULL_CONVERSION = YES;
				CLANG_WARN_OBJC_IMPLICIT_RETAIN_SELF = YES;
				CLANG_WARN_OBJC_LITERAL_CONVERSION = YES;
				CLANG_WARN_OBJC_ROOT_CLASS = YES_ERROR;
				CLANG_WARN_QUOTED_INCLUDE_IN_FRAMEWORK_HEADER = YES;
				CLANG_WARN_RANGE_LOOP_ANALYSIS = YES;
				CLANG_WARN_STRICT_PROTOTYPES = YES;
				CLANG_WARN_SUSPICIOUS_MOVE = YES;
				CLANG_WARN_UNGUARDED_AVAILABILITY = YES_AGGRESSIVE;
				CLANG_WARN_UNREACHABLE_CODE = YES;
				CLANG_WARN__DUPLICATE_METHOD_MATCH = YES;
				COPY_PHASE_STRIP = NO;
				DEBUG_INFORMATION_FORMAT = "dwarf-with-dsym";
				ENABLE_NS_ASSERTIONS = NO;
				ENABLE_STRICT_OBJC_MSGSEND = YES;
				GCC_C_LANGUAGE_STANDARD = gnu11;
				GCC_NO_COMMON_BLOCKS = YES;
				GCC_WARN_64_TO_32_BIT_CONVERSION = YES;
				GCC_WARN_ABOUT_RETURN_TYPE = YES_ERROR;
				GCC_WARN_UNDECLARED_SELECTOR = YES;
				GCC_WARN_UNINITIALIZED_AUTOS = YES_AGGRESSIVE;
				GCC_WARN_UNUSED_FUNCTION = YES;
				GCC_WARN_UNUSED_VARIABLE = YES;
				IPHONEOS_DEPLOYMENT_TARGET = 15.5;
				MTL_ENABLE_DEBUG_INFO = NO;
				MTL_FAST_MATH = YES;
				SDKROOT = iphoneos;
				SWIFT_COMPILATION_MODE = wholemodule;
				SWIFT_OPTIMIZATION_LEVEL = "-O";
				VALIDATE_PRODUCT = YES;
			};
			name = Release;
		};
		EABF23D328B9BB9300495E78 /* Debug */ = {
			isa = XCBuildConfiguration;
			baseConfigurationReference = 3697F0862CAB00D91DC82B85 /* Pods-AnimeUwU.debug.xcconfig */;
			buildSettings = {
				ASSETCATALOG_COMPILER_APPICON_NAME = AppIcon;
				ASSETCATALOG_COMPILER_GLOBAL_ACCENT_COLOR_NAME = AccentColor;
				CODE_SIGN_ENTITLEMENTS = AnimeUwU/AnimeUwU.entitlements;
				CODE_SIGN_STYLE = Automatic;
				CURRENT_PROJECT_VERSION = 1;
				DEVELOPMENT_TEAM = "";
				GENERATE_INFOPLIST_FILE = YES;
				INFOPLIST_FILE = AnimeUwU/Info.plist;
				INFOPLIST_KEY_UIApplicationSupportsIndirectInputEvents = YES;
				INFOPLIST_KEY_UILaunchStoryboardName = LaunchScreen;
				INFOPLIST_KEY_UIMainStoryboardFile = Main;
				INFOPLIST_KEY_UISupportedInterfaceOrientations_iPad = "UIInterfaceOrientationPortrait UIInterfaceOrientationPortraitUpsideDown UIInterfaceOrientationLandscapeLeft UIInterfaceOrientationLandscapeRight";
				INFOPLIST_KEY_UISupportedInterfaceOrientations_iPhone = "UIInterfaceOrientationPortrait UIInterfaceOrientationLandscapeLeft UIInterfaceOrientationLandscapeRight";
				LD_RUNPATH_SEARCH_PATHS = (
					"$(inherited)",
					"@executable_path/Frameworks",
				);
				MARKETING_VERSION = 1.0;
				PRODUCT_BUNDLE_IDENTIFIER = khaled2024.AnimeUwU;
				PRODUCT_NAME = "$(TARGET_NAME)";
				SWIFT_EMIT_LOC_STRINGS = YES;
				SWIFT_VERSION = 5.0;
				TARGETED_DEVICE_FAMILY = "1,2";
			};
			name = Debug;
		};
		EABF23D428B9BB9300495E78 /* Release */ = {
			isa = XCBuildConfiguration;
			baseConfigurationReference = 423AF9C2517102EA928A6D78 /* Pods-AnimeUwU.release.xcconfig */;
			buildSettings = {
				ASSETCATALOG_COMPILER_APPICON_NAME = AppIcon;
				ASSETCATALOG_COMPILER_GLOBAL_ACCENT_COLOR_NAME = AccentColor;
				CODE_SIGN_ENTITLEMENTS = AnimeUwU/AnimeUwU.entitlements;
				CODE_SIGN_STYLE = Automatic;
				CURRENT_PROJECT_VERSION = 1;
				DEVELOPMENT_TEAM = "";
				GENERATE_INFOPLIST_FILE = YES;
				INFOPLIST_FILE = AnimeUwU/Info.plist;
				INFOPLIST_KEY_UIApplicationSupportsIndirectInputEvents = YES;
				INFOPLIST_KEY_UILaunchStoryboardName = LaunchScreen;
				INFOPLIST_KEY_UIMainStoryboardFile = Main;
				INFOPLIST_KEY_UISupportedInterfaceOrientations_iPad = "UIInterfaceOrientationPortrait UIInterfaceOrientationPortraitUpsideDown UIInterfaceOrientationLandscapeLeft UIInterfaceOrientationLandscapeRight";
				INFOPLIST_KEY_UISupportedInterfaceOrientations_iPhone = "UIInterfaceOrientationPortrait UIInterfaceOrientationLandscapeLeft UIInterfaceOrientationLandscapeRight";
				LD_RUNPATH_SEARCH_PATHS = (
					"$(inherited)",
					"@executable_path/Frameworks",
				);
				MARKETING_VERSION = 1.0;
				PRODUCT_BUNDLE_IDENTIFIER = khaled2024.AnimeUwU;
				PRODUCT_NAME = "$(TARGET_NAME)";
				SWIFT_EMIT_LOC_STRINGS = YES;
				SWIFT_VERSION = 5.0;
				TARGETED_DEVICE_FAMILY = "1,2";
			};
			name = Release;
		};
/* End XCBuildConfiguration section */

/* Begin XCConfigurationList section */
		EABF23B928B9BB9100495E78 /* Build configuration list for PBXProject "AnimeUwU" */ = {
			isa = XCConfigurationList;
			buildConfigurations = (
				EABF23D028B9BB9300495E78 /* Debug */,
				EABF23D128B9BB9300495E78 /* Release */,
			);
			defaultConfigurationIsVisible = 0;
			defaultConfigurationName = Release;
		};
		EABF23D228B9BB9300495E78 /* Build configuration list for PBXNativeTarget "AnimeUwU" */ = {
			isa = XCConfigurationList;
			buildConfigurations = (
				EABF23D328B9BB9300495E78 /* Debug */,
				EABF23D428B9BB9300495E78 /* Release */,
			);
			defaultConfigurationIsVisible = 0;
			defaultConfigurationName = Release;
		};
/* End XCConfigurationList section */
	};
	rootObject = EABF23B628B9BB9100495E78 /* Project object */;
}
