// !$*UTF8*$!
{
	archiveVersion = 1;
	classes = {
	};
	objectVersion = 55;
	objects = {

/* Begin PBXBuildFile section */
		EA4DAB8328C26E0C002DB16F /* Onboarding.swift in Sources */ = {isa = PBXBuildFile; fileRef = EA4DAB8228C26E0C002DB16F /* Onboarding.swift */; };
		EA4DAB8828C26E64002DB16F /* OnboardingCollectionViewCell.swift in Sources */ = {isa = PBXBuildFile; fileRef = EA4DAB8628C26E64002DB16F /* OnboardingCollectionViewCell.swift */; };
		EA4DAB8E28C2B6D0002DB16F /* RegisterViewController.swift in Sources */ = {isa = PBXBuildFile; fileRef = EA4DAB8D28C2B6D0002DB16F /* RegisterViewController.swift */; };
		EA4DAB9128C2B786002DB16F /* UserDefault+Extension.swift in Sources */ = {isa = PBXBuildFile; fileRef = EA4DAB9028C2B786002DB16F /* UserDefault+Extension.swift */; };
		EABF23C228B9BB9100495E78 /* AppDelegate.swift in Sources */ = {isa = PBXBuildFile; fileRef = EABF23C128B9BB9100495E78 /* AppDelegate.swift */; };
		EABF23C428B9BB9100495E78 /* SceneDelegate.swift in Sources */ = {isa = PBXBuildFile; fileRef = EABF23C328B9BB9100495E78 /* SceneDelegate.swift */; };
		EABF23C928B9BB9100495E78 /* Main.storyboard in Resources */ = {isa = PBXBuildFile; fileRef = EABF23C728B9BB9100495E78 /* Main.storyboard */; };
		EABF23CB28B9BB9300495E78 /* Assets.xcassets in Resources */ = {isa = PBXBuildFile; fileRef = EABF23CA28B9BB9300495E78 /* Assets.xcassets */; };
		EABF23CE28B9BB9300495E78 /* LaunchScreen.storyboard in Resources */ = {isa = PBXBuildFile; fileRef = EABF23CC28B9BB9300495E78 /* LaunchScreen.storyboard */; };
		EABF23D728B9BDB000495E78 /* OnboardingViewController.swift in Sources */ = {isa = PBXBuildFile; fileRef = EABF23D628B9BDB000495E78 /* OnboardingViewController.swift */; };
/* End PBXBuildFile section */

/* Begin PBXFileReference section */
		EA4DAB8228C26E0C002DB16F /* Onboarding.swift */ = {isa = PBXFileReference; lastKnownFileType = sourcecode.swift; path = Onboarding.swift; sourceTree = "<group>"; };
		EA4DAB8628C26E64002DB16F /* OnboardingCollectionViewCell.swift */ = {isa = PBXFileReference; lastKnownFileType = sourcecode.swift; path = OnboardingCollectionViewCell.swift; sourceTree = "<group>"; };
		EA4DAB8D28C2B6D0002DB16F /* RegisterViewController.swift */ = {isa = PBXFileReference; lastKnownFileType = sourcecode.swift; path = RegisterViewController.swift; sourceTree = "<group>"; };
		EA4DAB9028C2B786002DB16F /* UserDefault+Extension.swift */ = {isa = PBXFileReference; lastKnownFileType = sourcecode.swift; path = "UserDefault+Extension.swift"; sourceTree = "<group>"; };
		EABF23BE28B9BB9100495E78 /* AnimeUwU.app */ = {isa = PBXFileReference; explicitFileType = wrapper.application; includeInIndex = 0; path = AnimeUwU.app; sourceTree = BUILT_PRODUCTS_DIR; };
		EABF23C128B9BB9100495E78 /* AppDelegate.swift */ = {isa = PBXFileReference; lastKnownFileType = sourcecode.swift; path = AppDelegate.swift; sourceTree = "<group>"; };
		EABF23C328B9BB9100495E78 /* SceneDelegate.swift */ = {isa = PBXFileReference; lastKnownFileType = sourcecode.swift; path = SceneDelegate.swift; sourceTree = "<group>"; };
		EABF23C828B9BB9100495E78 /* Base */ = {isa = PBXFileReference; lastKnownFileType = file.storyboard; name = Base; path = Base.lproj/Main.storyboard; sourceTree = "<group>"; };
		EABF23CA28B9BB9300495E78 /* Assets.xcassets */ = {isa = PBXFileReference; lastKnownFileType = folder.assetcatalog; path = Assets.xcassets; sourceTree = "<group>"; };
		EABF23CD28B9BB9300495E78 /* Base */ = {isa = PBXFileReference; lastKnownFileType = file.storyboard; name = Base; path = Base.lproj/LaunchScreen.storyboard; sourceTree = "<group>"; };
		EABF23CF28B9BB9300495E78 /* Info.plist */ = {isa = PBXFileReference; lastKnownFileType = text.plist.xml; path = Info.plist; sourceTree = "<group>"; };
		EABF23D628B9BDB000495E78 /* OnboardingViewController.swift */ = {isa = PBXFileReference; lastKnownFileType = sourcecode.swift; path = OnboardingViewController.swift; sourceTree = "<group>"; };
/* End PBXFileReference section */

/* Begin PBXFrameworksBuildPhase section */
		EABF23BB28B9BB9100495E78 /* Frameworks */ = {
			isa = PBXFrameworksBuildPhase;
			buildActionMask = 2147483647;
			files = (
			);
			runOnlyForDeploymentPostprocessing = 0;
		};
/* End PBXFrameworksBuildPhase section */

/* Begin PBXGroup section */
		EA4DAB8428C26E11002DB16F /* Models */ = {
			isa = PBXGroup;
			children = (
				EA4DAB8228C26E0C002DB16F /* Onboarding.swift */,
			);
			path = Models;
			sourceTree = "<group>";
		};
		EA4DAB8528C26E42002DB16F /* CustomViews */ = {
			isa = PBXGroup;
			children = (
			);
			path = CustomViews;
			sourceTree = "<group>";
		};
		EA4DAB8B28C2B653002DB16F /* Onboarding */ = {
			isa = PBXGroup;
			children = (
				EABF23D628B9BDB000495E78 /* OnboardingViewController.swift */,
				EA4DAB8628C26E64002DB16F /* OnboardingCollectionViewCell.swift */,
			);
			name = Onboarding;
			sourceTree = "<group>";
		};
		EA4DAB8C28C2B6B5002DB16F /* Starting */ = {
			isa = PBXGroup;
			children = (
				EA4DAB8D28C2B6D0002DB16F /* RegisterViewController.swift */,
			);
			name = Starting;
			sourceTree = "<group>";
		};
		EA4DAB8F28C2B75A002DB16F /* Extensions */ = {
			isa = PBXGroup;
			children = (
				EA4DAB9028C2B786002DB16F /* UserDefault+Extension.swift */,
			);
			path = Extensions;
			sourceTree = "<group>";
		};
		EABF23B528B9BB9100495E78 = {
			isa = PBXGroup;
			children = (
				EABF23C028B9BB9100495E78 /* AnimeUwU */,
				EABF23BF28B9BB9100495E78 /* Products */,
			);
			sourceTree = "<group>";
		};
		EABF23BF28B9BB9100495E78 /* Products */ = {
			isa = PBXGroup;
			children = (
				EABF23BE28B9BB9100495E78 /* AnimeUwU.app */,
			);
			name = Products;
			sourceTree = "<group>";
		};
		EABF23C028B9BB9100495E78 /* AnimeUwU */ = {
			isa = PBXGroup;
			children = (
				EABF23C128B9BB9100495E78 /* AppDelegate.swift */,
				EABF23C328B9BB9100495E78 /* SceneDelegate.swift */,
				EA4DAB8F28C2B75A002DB16F /* Extensions */,
				EA4DAB8528C26E42002DB16F /* CustomViews */,
				EA4DAB8428C26E11002DB16F /* Models */,
				EABF23D528B9BD9B00495E78 /* Views */,
				EABF23C728B9BB9100495E78 /* Main.storyboard */,
				EABF23CA28B9BB9300495E78 /* Assets.xcassets */,
				EABF23CC28B9BB9300495E78 /* LaunchScreen.storyboard */,
				EABF23CF28B9BB9300495E78 /* Info.plist */,
			);
			path = AnimeUwU;
			sourceTree = "<group>";
		};
		EABF23D528B9BD9B00495E78 /* Views */ = {
			isa = PBXGroup;
			children = (
				EA4DAB8B28C2B653002DB16F /* Onboarding */,
				EA4DAB8C28C2B6B5002DB16F /* Starting */,
			);
			path = Views;
			sourceTree = "<group>";
		};
/* End PBXGroup section */

/* Begin PBXNativeTarget section */
		EABF23BD28B9BB9100495E78 /* AnimeUwU */ = {
			isa = PBXNativeTarget;
			buildConfigurationList = EABF23D228B9BB9300495E78 /* Build configuration list for PBXNativeTarget "AnimeUwU" */;
			buildPhases = (
				EABF23BA28B9BB9100495E78 /* Sources */,
				EABF23BB28B9BB9100495E78 /* Frameworks */,
				EABF23BC28B9BB9100495E78 /* Resources */,
			);
			buildRules = (
			);
			dependencies = (
			);
			name = AnimeUwU;
			productName = AnimeUwU;
			productReference = EABF23BE28B9BB9100495E78 /* AnimeUwU.app */;
			productType = "com.apple.product-type.application";
		};
/* End PBXNativeTarget section */

/* Begin PBXProject section */
		EABF23B628B9BB9100495E78 /* Project object */ = {
			isa = PBXProject;
			attributes = {
				BuildIndependentTargetsInParallel = 1;
				LastSwiftUpdateCheck = 1340;
				LastUpgradeCheck = 1340;
				TargetAttributes = {
					EABF23BD28B9BB9100495E78 = {
						CreatedOnToolsVersion = 13.4.1;
					};
				};
			};
			buildConfigurationList = EABF23B928B9BB9100495E78 /* Build configuration list for PBXProject "AnimeUwU" */;
			compatibilityVersion = "Xcode 13.0";
			developmentRegion = en;
			hasScannedForEncodings = 0;
			knownRegions = (
				en,
				Base,
			);
			mainGroup = EABF23B528B9BB9100495E78;
			productRefGroup = EABF23BF28B9BB9100495E78 /* Products */;
			projectDirPath = "";
			projectRoot = "";
			targets = (
				EABF23BD28B9BB9100495E78 /* AnimeUwU */,
			);
		};
/* End PBXProject section */

/* Begin PBXResourcesBuildPhase section */
		EABF23BC28B9BB9100495E78 /* Resources */ = {
			isa = PBXResourcesBuildPhase;
			buildActionMask = 2147483647;
			files = (
				EABF23CE28B9BB9300495E78 /* LaunchScreen.storyboard in Resources */,
				EABF23CB28B9BB9300495E78 /* Assets.xcassets in Resources */,
				EABF23C928B9BB9100495E78 /* Main.storyboard in Resources */,
			);
			runOnlyForDeploymentPostprocessing = 0;
		};
/* End PBXResourcesBuildPhase section */

/* Begin PBXSourcesBuildPhase section */
		EABF23BA28B9BB9100495E78 /* Sources */ = {
			isa = PBXSourcesBuildPhase;
			buildActionMask = 2147483647;
			files = (
				EABF23C228B9BB9100495E78 /* AppDelegate.swift in Sources */,
				EABF23D728B9BDB000495E78 /* OnboardingViewController.swift in Sources */,
				EA4DAB8828C26E64002DB16F /* OnboardingCollectionViewCell.swift in Sources */,
				EA4DAB8328C26E0C002DB16F /* Onboarding.swift in Sources */,
				EA4DAB9128C2B786002DB16F /* UserDefault+Extension.swift in Sources */,
				EABF23C428B9BB9100495E78 /* SceneDelegate.swift in Sources */,
				EA4DAB8E28C2B6D0002DB16F /* RegisterViewController.swift in Sources */,
			);
			runOnlyForDeploymentPostprocessing = 0;
		};
/* End PBXSourcesBuildPhase section */

/* Begin PBXVariantGroup section */
		EABF23C728B9BB9100495E78 /* Main.storyboard */ = {
			isa = PBXVariantGroup;
			children = (
				EABF23C828B9BB9100495E78 /* Base */,
			);
			name = Main.storyboard;
			sourceTree = "<group>";
		};
		EABF23CC28B9BB9300495E78 /* LaunchScreen.storyboard */ = {
			isa = PBXVariantGroup;
			children = (
				EABF23CD28B9BB9300495E78 /* Base */,
			);
			name = LaunchScreen.storyboard;
			sourceTree = "<group>";
		};
/* End PBXVariantGroup section */

/* Begin XCBuildConfiguration section */
		EABF23D028B9BB9300495E78 /* Debug */ = {
			isa = XCBuildConfiguration;
			buildSettings = {
				ALWAYS_SEARCH_USER_PATHS = NO;
				CLANG_ANALYZER_NONNULL = YES;
				CLANG_ANALYZER_NUMBER_OBJECT_CONVERSION = YES_AGGRESSIVE;
				CLANG_CXX_LANGUAGE_STANDARD = "gnu++17";
				CLANG_ENABLE_MODULES = YES;
				CLANG_ENABLE_OBJC_ARC = YES;
				CLANG_ENABLE_OBJC_WEAK = YES;
				CLANG_WARN_BLOCK_CAPTURE_AUTORELEASING = YES;
				CLANG_WARN_BOOL_CONVERSION = YES;
				CLANG_WARN_COMMA = YES;
				CLANG_WARN_CONSTANT_CONVERSION = YES;
				CLANG_WARN_DEPRECATED_OBJC_IMPLEMENTATIONS = YES;
				CLANG_WARN_DIRECT_OBJC_ISA_USAGE = YES_ERROR;
				CLANG_WARN_DOCUMENTATION_COMMENTS = YES;
				CLANG_WARN_EMPTY_BODY = YES;
				CLANG_WARN_ENUM_CONVERSION = YES;
				CLANG_WARN_INFINITE_RECURSION = YES;
				CLANG_WARN_INT_CONVERSION = YES;
				CLANG_WARN_NON_LITERAL_NULL_CONVERSION = YES;
				CLANG_WARN_OBJC_IMPLICIT_RETAIN_SELF = YES;
				CLANG_WARN_OBJC_LITERAL_CONVERSION = YES;
				CLANG_WARN_OBJC_ROOT_CLASS = YES_ERROR;
				CLANG_WARN_QUOTED_INCLUDE_IN_FRAMEWORK_HEADER = YES;
				CLANG_WARN_RANGE_LOOP_ANALYSIS = YES;
				CLANG_WARN_STRICT_PROTOTYPES = YES;
				CLANG_WARN_SUSPICIOUS_MOVE = YES;
				CLANG_WARN_UNGUARDED_AVAILABILITY = YES_AGGRESSIVE;
				CLANG_WARN_UNREACHABLE_CODE = YES;
				CLANG_WARN__DUPLICATE_METHOD_MATCH = YES;
				COPY_PHASE_STRIP = NO;
				DEBUG_INFORMATION_FORMAT = dwarf;
				ENABLE_STRICT_OBJC_MSGSEND = YES;
				ENABLE_TESTABILITY = YES;
				GCC_C_LANGUAGE_STANDARD = gnu11;
				GCC_DYNAMIC_NO_PIC = NO;
				GCC_NO_COMMON_BLOCKS = YES;
				GCC_OPTIMIZATION_LEVEL = 0;
				GCC_PREPROCESSOR_DEFINITIONS = (
					"DEBUG=1",
					"$(inherited)",
				);
				GCC_WARN_64_TO_32_BIT_CONVERSION = YES;
				GCC_WARN_ABOUT_RETURN_TYPE = YES_ERROR;
				GCC_WARN_UNDECLARED_SELECTOR = YES;
				GCC_WARN_UNINITIALIZED_AUTOS = YES_AGGRESSIVE;
				GCC_WARN_UNUSED_FUNCTION = YES;
				GCC_WARN_UNUSED_VARIABLE = YES;
				IPHONEOS_DEPLOYMENT_TARGET = 15.5;
				MTL_ENABLE_DEBUG_INFO = INCLUDE_SOURCE;
				MTL_FAST_MATH = YES;
				ONLY_ACTIVE_ARCH = YES;
				SDKROOT = iphoneos;
				SWIFT_ACTIVE_COMPILATION_CONDITIONS = DEBUG;
				SWIFT_OPTIMIZATION_LEVEL = "-Onone";
			};
			name = Debug;
		};
		EABF23D128B9BB9300495E78 /* Release */ = {
			isa = XCBuildConfiguration;
			buildSettings = {
				ALWAYS_SEARCH_USER_PATHS = NO;
				CLANG_ANALYZER_NONNULL = YES;
				CLANG_ANALYZER_NUMBER_OBJECT_CONVERSION = YES_AGGRESSIVE;
				CLANG_CXX_LANGUAGE_STANDARD = "gnu++17";
				CLANG_ENABLE_MODULES = YES;
				CLANG_ENABLE_OBJC_ARC = YES;
				CLANG_ENABLE_OBJC_WEAK = YES;
				CLANG_WARN_BLOCK_CAPTURE_AUTORELEASING = YES;
				CLANG_WARN_BOOL_CONVERSION = YES;
				CLANG_WARN_COMMA = YES;
				CLANG_WARN_CONSTANT_CONVERSION = YES;
				CLANG_WARN_DEPRECATED_OBJC_IMPLEMENTATIONS = YES;
				CLANG_WARN_DIRECT_OBJC_ISA_USAGE = YES_ERROR;
				CLANG_WARN_DOCUMENTATION_COMMENTS = YES;
				CLANG_WARN_EMPTY_BODY = YES;
				CLANG_WARN_ENUM_CONVERSION = YES;
				CLANG_WARN_INFINITE_RECURSION = YES;
				CLANG_WARN_INT_CONVERSION = YES;
				CLANG_WARN_NON_LITERAL_NULL_CONVERSION = YES;
				CLANG_WARN_OBJC_IMPLICIT_RETAIN_SELF = YES;
				CLANG_WARN_OBJC_LITERAL_CONVERSION = YES;
				CLANG_WARN_OBJC_ROOT_CLASS = YES_ERROR;
				CLANG_WARN_QUOTED_INCLUDE_IN_FRAMEWORK_HEADER = YES;
				CLANG_WARN_RANGE_LOOP_ANALYSIS = YES;
				CLANG_WARN_STRICT_PROTOTYPES = YES;
				CLANG_WARN_SUSPICIOUS_MOVE = YES;
				CLANG_WARN_UNGUARDED_AVAILABILITY = YES_AGGRESSIVE;
				CLANG_WARN_UNREACHABLE_CODE = YES;
				CLANG_WARN__DUPLICATE_METHOD_MATCH = YES;
				COPY_PHASE_STRIP = NO;
				DEBUG_INFORMATION_FORMAT = "dwarf-with-dsym";
				ENABLE_NS_ASSERTIONS = NO;
				ENABLE_STRICT_OBJC_MSGSEND = YES;
				GCC_C_LANGUAGE_STANDARD = gnu11;
				GCC_NO_COMMON_BLOCKS = YES;
				GCC_WARN_64_TO_32_BIT_CONVERSION = YES;
				GCC_WARN_ABOUT_RETURN_TYPE = YES_ERROR;
				GCC_WARN_UNDECLARED_SELECTOR = YES;
				GCC_WARN_UNINITIALIZED_AUTOS = YES_AGGRESSIVE;
				GCC_WARN_UNUSED_FUNCTION = YES;
				GCC_WARN_UNUSED_VARIABLE = YES;
				IPHONEOS_DEPLOYMENT_TARGET = 15.5;
				MTL_ENABLE_DEBUG_INFO = NO;
				MTL_FAST_MATH = YES;
				SDKROOT = iphoneos;
				SWIFT_COMPILATION_MODE = wholemodule;
				SWIFT_OPTIMIZATION_LEVEL = "-O";
				VALIDATE_PRODUCT = YES;
			};
			name = Release;
		};
		EABF23D328B9BB9300495E78 /* Debug */ = {
			isa = XCBuildConfiguration;
			buildSettings = {
				ASSETCATALOG_COMPILER_APPICON_NAME = AppIcon;
				ASSETCATALOG_COMPILER_GLOBAL_ACCENT_COLOR_NAME = AccentColor;
				CODE_SIGN_STYLE = Automatic;
				CURRENT_PROJECT_VERSION = 1;
				GENERATE_INFOPLIST_FILE = YES;
				INFOPLIST_FILE = AnimeUwU/Info.plist;
				INFOPLIST_KEY_UIApplicationSupportsIndirectInputEvents = YES;
				INFOPLIST_KEY_UILaunchStoryboardName = LaunchScreen;
				INFOPLIST_KEY_UIMainStoryboardFile = Main;
				INFOPLIST_KEY_UISupportedInterfaceOrientations_iPad = "UIInterfaceOrientationPortrait UIInterfaceOrientationPortraitUpsideDown UIInterfaceOrientationLandscapeLeft UIInterfaceOrientationLandscapeRight";
				INFOPLIST_KEY_UISupportedInterfaceOrientations_iPhone = "UIInterfaceOrientationPortrait UIInterfaceOrientationLandscapeLeft UIInterfaceOrientationLandscapeRight";
				LD_RUNPATH_SEARCH_PATHS = (
					"$(inherited)",
					"@executable_path/Frameworks",
				);
				MARKETING_VERSION = 1.0;
				PRODUCT_BUNDLE_IDENTIFIER = khaled2024.AnimeUwU;
				PRODUCT_NAME = "$(TARGET_NAME)";
				SWIFT_EMIT_LOC_STRINGS = YES;
				SWIFT_VERSION = 5.0;
				TARGETED_DEVICE_FAMILY = "1,2";
			};
			name = Debug;
		};
		EABF23D428B9BB9300495E78 /* Release */ = {
			isa = XCBuildConfiguration;
			buildSettings = {
				ASSETCATALOG_COMPILER_APPICON_NAME = AppIcon;
				ASSETCATALOG_COMPILER_GLOBAL_ACCENT_COLOR_NAME = AccentColor;
				CODE_SIGN_STYLE = Automatic;
				CURRENT_PROJECT_VERSION = 1;
				GENERATE_INFOPLIST_FILE = YES;
				INFOPLIST_FILE = AnimeUwU/Info.plist;
				INFOPLIST_KEY_UIApplicationSupportsIndirectInputEvents = YES;
				INFOPLIST_KEY_UILaunchStoryboardName = LaunchScreen;
				INFOPLIST_KEY_UIMainStoryboardFile = Main;
				INFOPLIST_KEY_UISupportedInterfaceOrientations_iPad = "UIInterfaceOrientationPortrait UIInterfaceOrientationPortraitUpsideDown UIInterfaceOrientationLandscapeLeft UIInterfaceOrientationLandscapeRight";
				INFOPLIST_KEY_UISupportedInterfaceOrientations_iPhone = "UIInterfaceOrientationPortrait UIInterfaceOrientationLandscapeLeft UIInterfaceOrientationLandscapeRight";
				LD_RUNPATH_SEARCH_PATHS = (
					"$(inherited)",
					"@executable_path/Frameworks",
				);
				MARKETING_VERSION = 1.0;
				PRODUCT_BUNDLE_IDENTIFIER = khaled2024.AnimeUwU;
				PRODUCT_NAME = "$(TARGET_NAME)";
				SWIFT_EMIT_LOC_STRINGS = YES;
				SWIFT_VERSION = 5.0;
				TARGETED_DEVICE_FAMILY = "1,2";
			};
			name = Release;
		};
/* End XCBuildConfiguration section */

/* Begin XCConfigurationList section */
		EABF23B928B9BB9100495E78 /* Build configuration list for PBXProject "AnimeUwU" */ = {
			isa = XCConfigurationList;
			buildConfigurations = (
				EABF23D028B9BB9300495E78 /* Debug */,
				EABF23D128B9BB9300495E78 /* Release */,
			);
			defaultConfigurationIsVisible = 0;
			defaultConfigurationName = Release;
		};
		EABF23D228B9BB9300495E78 /* Build configuration list for PBXNativeTarget "AnimeUwU" */ = {
			isa = XCConfigurationList;
			buildConfigurations = (
				EABF23D328B9BB9300495E78 /* Debug */,
				EABF23D428B9BB9300495E78 /* Release */,
			);
			defaultConfigurationIsVisible = 0;
			defaultConfigurationName = Release;
		};
/* End XCConfigurationList section */
	};
	rootObject = EABF23B628B9BB9100495E78 /* Project object */;
}
